
Microsoft Visual Studio Solution File, Format Version 12.00
# Visual Studio 14
VisualStudioVersion = 14.0.24720.0
MinimumVisualStudioVersion = 10.0.40219.1
Project("{FAE04EC0-301F-11D3-BF4B-00C04F79EFBC}") = "ParseAsm", "ParseAsm\ParseAsm.csproj", "{6E48D07C-BFFF-4C20-A2E3-F2580AC7BC2C}"
EndProject
Project("{FAE04EC0-301F-11D3-BF4B-00C04F79EFBC}") = "ExtractAsmFromCHM", "ExtractAsmFromCHM\ExtractAsmFromCHM.csproj", "{9F19E118-6749-4656-90B0-31FAAB98DAD4}"
EndProject
Global
	GlobalSection(SolutionConfigurationPlatforms) = preSolution
		Debug|Any CPU = Debug|Any CPU
		Release|Any CPU = Release|Any CPU
	EndGlobalSection
	GlobalSection(ProjectConfigurationPlatforms) = postSolution
		{6E48D07C-BFFF-4C20-A2E3-F2580AC7BC2C}.Debug|Any CPU.ActiveCfg = Debug|Any CPU
		{6E48D07C-BFFF-4C20-A2E3-F2580AC7BC2C}.Debug|Any CPU.Build.0 = Debug|Any CPU
		{6E48D07C-BFFF-4C20-A2E3-F2580AC7BC2C}.Release|Any CPU.ActiveCfg = Release|Any CPU
		{6E48D07C-BFFF-4C20-A2E3-F2580AC7BC2C}.Release|Any CPU.Build.0 = Release|Any CPU
		{9F19E118-6749-4656-90B0-31FAAB98DAD4}.Debug|Any CPU.ActiveCfg = Debug|Any CPU
		{9F19E118-6749-4656-90B0-31FAAB98DAD4}.Debug|Any CPU.Build.0 = Debug|Any CPU
		{9F19E118-6749-4656-90B0-31FAAB98DAD4}.Release|Any CPU.ActiveCfg = Release|Any CPU
		{9F19E118-6749-4656-90B0-31FAAB98DAD4}.Release|Any CPU.Build.0 = Release|Any CPU
	EndGlobalSection
	GlobalSection(SolutionProperties) = preSolution
		HideSolutionNode = FALSE
	EndGlobalSection
EndGlobal
